
Microsoft Visual Studio Solution File, Format Version 12.00
# Visual Studio 2013
VisualStudioVersion = 12.0.31101.0
MinimumVisualStudioVersion = 10.0.40219.1
Project("{FAE04EC0-301F-11D3-BF4B-00C04F79EFBC}") = "ScSyncr.Web", "ScSyncr.Web\ScSyncr.Web.csproj", "{52510FFE-6098-4084-874E-9643CCA71F34}"
EndProject
Project("{FAE04EC0-301F-11D3-BF4B-00C04F79EFBC}") = "ScSyncr.Agent", "ScSyncr.Agent\ScSyncr.Agent.csproj", "{0E48E446-D47B-42DA-9652-22A79239A12C}"
EndProject
Project("{FAE04EC0-301F-11D3-BF4B-00C04F79EFBC}") = "ScSyncr.Console", "ScSyncr.Console\ScSyncr.Console.csproj", "{335183C2-4CA9-48EC-BAA1-5007050CDBED}"
EndProject
Global
	GlobalSection(SolutionConfigurationPlatforms) = preSolution
		Debug|Any CPU = Debug|Any CPU
		Release|Any CPU = Release|Any CPU
	EndGlobalSection
	GlobalSection(ProjectConfigurationPlatforms) = postSolution
		{52510FFE-6098-4084-874E-9643CCA71F34}.Debug|Any CPU.ActiveCfg = Debug|Any CPU
		{52510FFE-6098-4084-874E-9643CCA71F34}.Debug|Any CPU.Build.0 = Debug|Any CPU
		{52510FFE-6098-4084-874E-9643CCA71F34}.Release|Any CPU.ActiveCfg = Release|Any CPU
		{52510FFE-6098-4084-874E-9643CCA71F34}.Release|Any CPU.Build.0 = Release|Any CPU
		{0E48E446-D47B-42DA-9652-22A79239A12C}.Debug|Any CPU.ActiveCfg = Debug|Any CPU
		{0E48E446-D47B-42DA-9652-22A79239A12C}.Debug|Any CPU.Build.0 = Debug|Any CPU
		{0E48E446-D47B-42DA-9652-22A79239A12C}.Release|Any CPU.ActiveCfg = Release|Any CPU
		{0E48E446-D47B-42DA-9652-22A79239A12C}.Release|Any CPU.Build.0 = Release|Any CPU
		{335183C2-4CA9-48EC-BAA1-5007050CDBED}.Debug|Any CPU.ActiveCfg = Debug|Any CPU
		{335183C2-4CA9-48EC-BAA1-5007050CDBED}.Debug|Any CPU.Build.0 = Debug|Any CPU
		{335183C2-4CA9-48EC-BAA1-5007050CDBED}.Release|Any CPU.ActiveCfg = Release|Any CPU
		{335183C2-4CA9-48EC-BAA1-5007050CDBED}.Release|Any CPU.Build.0 = Release|Any CPU
	EndGlobalSection
	GlobalSection(SolutionProperties) = preSolution
		HideSolutionNode = FALSE
	EndGlobalSection
EndGlobal
